
Microsoft Visual Studio Solution File, Format Version 12.00
# Visual Studio Version 17
VisualStudioVersion = 17.7.34221.43
MinimumVisualStudioVersion = 10.0.40219.1
Project("{F184B08F-C81C-45F6-A57F-5ABD9991F28F}") = "Registro", "Registro\Registro.vbproj", "{FACE12AB-F649-4116-A59A-9202F0E5DF67}"
EndProject
Global
	GlobalSection(SolutionConfigurationPlatforms) = preSolution
		Debug|Any CPU = Debug|Any CPU
		Release|Any CPU = Release|Any CPU
	EndGlobalSection
	GlobalSection(ProjectConfigurationPlatforms) = postSolution
		{FACE12AB-F649-4116-A59A-9202F0E5DF67}.Debug|Any CPU.ActiveCfg = Debug|Any CPU
		{FACE12AB-F649-4116-A59A-9202F0E5DF67}.Debug|Any CPU.Build.0 = Debug|Any CPU
		{FACE12AB-F649-4116-A59A-9202F0E5DF67}.Release|Any CPU.ActiveCfg = Release|Any CPU
		{FACE12AB-F649-4116-A59A-9202F0E5DF67}.Release|Any CPU.Build.0 = Release|Any CPU
	EndGlobalSection
	GlobalSection(SolutionProperties) = preSolution
		HideSolutionNode = FALSE
	EndGlobalSection
	GlobalSection(ExtensibilityGlobals) = postSolution
		SolutionGuid = {24456D26-EBD6-494E-82CF-5A4F9A4E348D}
	EndGlobalSection
EndGlobal
